
Microsoft Visual Studio Solution File, Format Version 12.00
# Visual Studio Version 16
VisualStudioVersion = 16.0.29613.14
MinimumVisualStudioVersion = 10.0.40219.1
Project("{9A19103F-16F7-4668-BE54-9A1E7A4F7556}") = "HamLibSharpStandard", "HamLibSharpStandard.csproj", "{06B9EA8F-081E-4265-95EC-571C69BE0DBE}"
EndProject
Global
	GlobalSection(SolutionConfigurationPlatforms) = preSolution
		Debug|Any CPU = Debug|Any CPU
		Release|Any CPU = Release|Any CPU
	EndGlobalSection
	GlobalSection(ProjectConfigurationPlatforms) = postSolution
		{06B9EA8F-081E-4265-95EC-571C69BE0DBE}.Debug|Any CPU.ActiveCfg = Debug|Any CPU
		{06B9EA8F-081E-4265-95EC-571C69BE0DBE}.Debug|Any CPU.Build.0 = Debug|Any CPU
		{06B9EA8F-081E-4265-95EC-571C69BE0DBE}.Release|Any CPU.ActiveCfg = Release|Any CPU
		{06B9EA8F-081E-4265-95EC-571C69BE0DBE}.Release|Any CPU.Build.0 = Release|Any CPU
	EndGlobalSection
	GlobalSection(SolutionProperties) = preSolution
		HideSolutionNode = FALSE
	EndGlobalSection
	GlobalSection(ExtensibilityGlobals) = postSolution
		SolutionGuid = {BAE1706B-3D7D-42B2-B070-2CE17CCF0CBB}
	EndGlobalSection
EndGlobal
